
Microsoft Visual Studio Solution File, Format Version 12.00
# Visual Studio Version 17
VisualStudioVersion = 17.8.34322.80
MinimumVisualStudioVersion = 10.0.40219.1
Project("{9A19103F-16F7-4668-BE54-9A1E7A4F7556}") = "Mood.Server", "ReactApp1.Server\Mood.Server.csproj", "{2E8D3E27-2901-475C-B2B8-D7015F6200ED}"
EndProject
Project("{54A90642-561A-4BB1-A94E-469ADEE60C69}") = "mood.client", "reactapp1.client\mood.client.esproj", "{A1AF6A31-1FE2-4D57-ADCC-AC8EF67E1A9A}"
EndProject
Global
	GlobalSection(SolutionConfigurationPlatforms) = preSolution
		Debug|Any CPU = Debug|Any CPU
		Release|Any CPU = Release|Any CPU
	EndGlobalSection
	GlobalSection(ProjectConfigurationPlatforms) = postSolution
		{2E8D3E27-2901-475C-B2B8-D7015F6200ED}.Debug|Any CPU.ActiveCfg = Debug|Any CPU
		{2E8D3E27-2901-475C-B2B8-D7015F6200ED}.Debug|Any CPU.Build.0 = Debug|Any CPU
		{2E8D3E27-2901-475C-B2B8-D7015F6200ED}.Release|Any CPU.ActiveCfg = Release|Any CPU
		{2E8D3E27-2901-475C-B2B8-D7015F6200ED}.Release|Any CPU.Build.0 = Release|Any CPU
		{A1AF6A31-1FE2-4D57-ADCC-AC8EF67E1A9A}.Debug|Any CPU.ActiveCfg = Debug|Any CPU
		{A1AF6A31-1FE2-4D57-ADCC-AC8EF67E1A9A}.Debug|Any CPU.Build.0 = Debug|Any CPU
		{A1AF6A31-1FE2-4D57-ADCC-AC8EF67E1A9A}.Debug|Any CPU.Deploy.0 = Debug|Any CPU
		{A1AF6A31-1FE2-4D57-ADCC-AC8EF67E1A9A}.Release|Any CPU.ActiveCfg = Release|Any CPU
		{A1AF6A31-1FE2-4D57-ADCC-AC8EF67E1A9A}.Release|Any CPU.Build.0 = Release|Any CPU
		{A1AF6A31-1FE2-4D57-ADCC-AC8EF67E1A9A}.Release|Any CPU.Deploy.0 = Release|Any CPU
	EndGlobalSection
	GlobalSection(SolutionProperties) = preSolution
		HideSolutionNode = FALSE
	EndGlobalSection
	GlobalSection(ExtensibilityGlobals) = postSolution
		SolutionGuid = {70BACE3F-FB6F-4927-A80D-9BAC5335F2C2}
	EndGlobalSection
EndGlobal
